// !$*UTF8*$!
{
	archiveVersion = 1;
	classes = {
	};
	objectVersion = 46;
	objects = {

/* Begin PBXBuildFile section */
		1968283C1E58207F001F3FB6 /* AppDelegate.swift in Sources */ = {isa = PBXBuildFile; fileRef = 1968283B1E58207F001F3FB6 /* AppDelegate.swift */; };
		196828411E58207F001F3FB6 /* Main.storyboard in Resources */ = {isa = PBXBuildFile; fileRef = 1968283F1E58207F001F3FB6 /* Main.storyboard */; };
		196828441E58207F001F3FB6 /* ChemicalCalculator.xcdatamodeld in Sources */ = {isa = PBXBuildFile; fileRef = 196828421E58207F001F3FB6 /* ChemicalCalculator.xcdatamodeld */; };
		196828461E58207F001F3FB6 /* Assets.xcassets in Resources */ = {isa = PBXBuildFile; fileRef = 196828451E58207F001F3FB6 /* Assets.xcassets */; };
		196828491E58207F001F3FB6 /* LaunchScreen.storyboard in Resources */ = {isa = PBXBuildFile; fileRef = 196828471E58207F001F3FB6 /* LaunchScreen.storyboard */; };
		1968286F1E582A40001F3FB6 /* Solution+CoreDataClass.swift in Sources */ = {isa = PBXBuildFile; fileRef = 196828691E582A40001F3FB6 /* Solution+CoreDataClass.swift */; };
		196828711E582A40001F3FB6 /* Compound+CoreDataClass.swift in Sources */ = {isa = PBXBuildFile; fileRef = 1968286B1E582A40001F3FB6 /* Compound+CoreDataClass.swift */; };
		196828731E582A40001F3FB6 /* Group+CoreDataClass.swift in Sources */ = {isa = PBXBuildFile; fileRef = 1968286D1E582A40001F3FB6 /* Group+CoreDataClass.swift */; };
		196828741E582A40001F3FB6 /* Group+CoreDataProperties.swift in Sources */ = {isa = PBXBuildFile; fileRef = 1968286E1E582A40001F3FB6 /* Group+CoreDataProperties.swift */; };
		196828761E582B18001F3FB6 /* compound.plist in Resources */ = {isa = PBXBuildFile; fileRef = 196828751E582B18001F3FB6 /* compound.plist */; };
		196828781E582CB7001F3FB6 /* HomeTableViewController.swift in Sources */ = {isa = PBXBuildFile; fileRef = 196828771E582CB7001F3FB6 /* HomeTableViewController.swift */; };
		1968287F1E5A3003001F3FB6 /* CoreDataTableViewController.swift in Sources */ = {isa = PBXBuildFile; fileRef = 1968287E1E5A3003001F3FB6 /* CoreDataTableViewController.swift */; };
		196828811E5BA53A001F3FB6 /* CompoundViewController.swift in Sources */ = {isa = PBXBuildFile; fileRef = 196828801E5BA53A001F3FB6 /* CompoundViewController.swift */; };
		196828871E6D3496001F3FB6 /* CalculatorViewController.swift in Sources */ = {isa = PBXBuildFile; fileRef = 196828861E6D3495001F3FB6 /* CalculatorViewController.swift */; };
		1968288B1E6FE227001F3FB6 /* Compound+CoreDataProperties.swift in Sources */ = {isa = PBXBuildFile; fileRef = 196828891E6FE227001F3FB6 /* Compound+CoreDataProperties.swift */; };
		1968288D1E7291DF001F3FB6 /* Fonts in Resources */ = {isa = PBXBuildFile; fileRef = 1968288C1E7291DF001F3FB6 /* Fonts */; };
		196828911E7E4A76001F3FB6 /* SavedSolutionTableViewController.swift in Sources */ = {isa = PBXBuildFile; fileRef = 196828901E7E4A76001F3FB6 /* SavedSolutionTableViewController.swift */; };
		196828931E7E4AF3001F3FB6 /* SolutionTableViewCell.swift in Sources */ = {isa = PBXBuildFile; fileRef = 196828921E7E4AF3001F3FB6 /* SolutionTableViewCell.swift */; };
		19EC6CE61E839ECA001E3471 /* Solution+CoreDataProperties.swift in Sources */ = {isa = PBXBuildFile; fileRef = 19EC6CE51E839ECA001E3471 /* Solution+CoreDataProperties.swift */; };
/* End PBXBuildFile section */

/* Begin PBXFileReference section */
		196828381E58207F001F3FB6 /* ChemicalCalculator.app */ = {isa = PBXFileReference; explicitFileType = wrapper.application; includeInIndex = 0; path = ChemicalCalculator.app; sourceTree = BUILT_PRODUCTS_DIR; };
		1968283B1E58207F001F3FB6 /* AppDelegate.swift */ = {isa = PBXFileReference; lastKnownFileType = sourcecode.swift; path = AppDelegate.swift; sourceTree = "<group>"; };
		196828401E58207F001F3FB6 /* Base */ = {isa = PBXFileReference; lastKnownFileType = file.storyboard; name = Base; path = Base.lproj/Main.storyboard; sourceTree = "<group>"; };
		196828431E58207F001F3FB6 /* ChemicalCalculator.xcdatamodel */ = {isa = PBXFileReference; lastKnownFileType = wrapper.xcdatamodel; path = ChemicalCalculator.xcdatamodel; sourceTree = "<group>"; };
		196828451E58207F001F3FB6 /* Assets.xcassets */ = {isa = PBXFileReference; lastKnownFileType = folder.assetcatalog; path = Assets.xcassets; sourceTree = "<group>"; };
		196828481E58207F001F3FB6 /* Base */ = {isa = PBXFileReference; lastKnownFileType = file.storyboard; name = Base; path = Base.lproj/LaunchScreen.storyboard; sourceTree = "<group>"; };
		1968284A1E58207F001F3FB6 /* Info.plist */ = {isa = PBXFileReference; lastKnownFileType = text.plist.xml; path = Info.plist; sourceTree = "<group>"; };
		196828691E582A40001F3FB6 /* Solution+CoreDataClass.swift */ = {isa = PBXFileReference; fileEncoding = 4; lastKnownFileType = sourcecode.swift; name = "Solution+CoreDataClass.swift"; path = "../Solution+CoreDataClass.swift"; sourceTree = "<group>"; };
		1968286B1E582A40001F3FB6 /* Compound+CoreDataClass.swift */ = {isa = PBXFileReference; fileEncoding = 4; lastKnownFileType = sourcecode.swift; name = "Compound+CoreDataClass.swift"; path = "../Compound+CoreDataClass.swift"; sourceTree = "<group>"; };
		1968286D1E582A40001F3FB6 /* Group+CoreDataClass.swift */ = {isa = PBXFileReference; fileEncoding = 4; lastKnownFileType = sourcecode.swift; name = "Group+CoreDataClass.swift"; path = "../Group+CoreDataClass.swift"; sourceTree = "<group>"; };
		1968286E1E582A40001F3FB6 /* Group+CoreDataProperties.swift */ = {isa = PBXFileReference; fileEncoding = 4; lastKnownFileType = sourcecode.swift; name = "Group+CoreDataProperties.swift"; path = "../Group+CoreDataProperties.swift"; sourceTree = "<group>"; };
		196828751E582B18001F3FB6 /* compound.plist */ = {isa = PBXFileReference; fileEncoding = 4; lastKnownFileType = text.plist.xml; path = compound.plist; sourceTree = "<group>"; };
		196828771E582CB7001F3FB6 /* HomeTableViewController.swift */ = {isa = PBXFileReference; fileEncoding = 4; lastKnownFileType = sourcecode.swift; path = HomeTableViewController.swift; sourceTree = "<group>"; };
		1968287E1E5A3003001F3FB6 /* CoreDataTableViewController.swift */ = {isa = PBXFileReference; fileEncoding = 4; lastKnownFileType = sourcecode.swift; path = CoreDataTableViewController.swift; sourceTree = "<group>"; };
		196828801E5BA53A001F3FB6 /* CompoundViewController.swift */ = {isa = PBXFileReference; fileEncoding = 4; lastKnownFileType = sourcecode.swift; path = CompoundViewController.swift; sourceTree = "<group>"; };
		196828861E6D3495001F3FB6 /* CalculatorViewController.swift */ = {isa = PBXFileReference; fileEncoding = 4; lastKnownFileType = sourcecode.swift; path = CalculatorViewController.swift; sourceTree = "<group>"; };
		196828891E6FE227001F3FB6 /* Compound+CoreDataProperties.swift */ = {isa = PBXFileReference; fileEncoding = 4; lastKnownFileType = sourcecode.swift; name = "Compound+CoreDataProperties.swift"; path = "../Compound+CoreDataProperties.swift"; sourceTree = "<group>"; };
		1968288C1E7291DF001F3FB6 /* Fonts */ = {isa = PBXFileReference; lastKnownFileType = folder; path = Fonts; sourceTree = "<group>"; };
		196828901E7E4A76001F3FB6 /* SavedSolutionTableViewController.swift */ = {isa = PBXFileReference; fileEncoding = 4; lastKnownFileType = sourcecode.swift; path = SavedSolutionTableViewController.swift; sourceTree = "<group>"; };
		196828921E7E4AF3001F3FB6 /* SolutionTableViewCell.swift */ = {isa = PBXFileReference; fileEncoding = 4; lastKnownFileType = sourcecode.swift; path = SolutionTableViewCell.swift; sourceTree = "<group>"; };
		19EC6CE51E839ECA001E3471 /* Solution+CoreDataProperties.swift */ = {isa = PBXFileReference; fileEncoding = 4; lastKnownFileType = sourcecode.swift; name = "Solution+CoreDataProperties.swift"; path = "../Solution+CoreDataProperties.swift"; sourceTree = "<group>"; };
/* End PBXFileReference section */

/* Begin PBXFrameworksBuildPhase section */
		196828351E58207F001F3FB6 /* Frameworks */ = {
			isa = PBXFrameworksBuildPhase;
			buildActionMask = 2147483647;
			files = (
			);
			runOnlyForDeploymentPostprocessing = 0;
		};
/* End PBXFrameworksBuildPhase section */

/* Begin PBXGroup section */
		1968282F1E58207F001F3FB6 = {
			isa = PBXGroup;
			children = (
				1968283A1E58207F001F3FB6 /* ChemicalCalculator */,
				196828391E58207F001F3FB6 /* Products */,
			);
			sourceTree = "<group>";
		};
		196828391E58207F001F3FB6 /* Products */ = {
			isa = PBXGroup;
			children = (
				196828381E58207F001F3FB6 /* ChemicalCalculator.app */,
			);
			name = Products;
			sourceTree = "<group>";
		};
		1968283A1E58207F001F3FB6 /* ChemicalCalculator */ = {
			isa = PBXGroup;
			children = (
				196828681E582954001F3FB6 /* Core Data */,
				196828771E582CB7001F3FB6 /* HomeTableViewController.swift */,
				196828861E6D3495001F3FB6 /* CalculatorViewController.swift */,
				196828801E5BA53A001F3FB6 /* CompoundViewController.swift */,
				196828901E7E4A76001F3FB6 /* SavedSolutionTableViewController.swift */,
				196828921E7E4AF3001F3FB6 /* SolutionTableViewCell.swift */,
				1968283F1E58207F001F3FB6 /* Main.storyboard */,
				196828791E582D42001F3FB6 /* Supporting Files */,
			);
			path = ChemicalCalculator;
			sourceTree = "<group>";
		};
		196828681E582954001F3FB6 /* Core Data */ = {
			isa = PBXGroup;
			children = (
				196828421E58207F001F3FB6 /* ChemicalCalculator.xcdatamodeld */,
				196828891E6FE227001F3FB6 /* Compound+CoreDataProperties.swift */,
				1968286B1E582A40001F3FB6 /* Compound+CoreDataClass.swift */,
				19EC6CE51E839ECA001E3471 /* Solution+CoreDataProperties.swift */,
				196828691E582A40001F3FB6 /* Solution+CoreDataClass.swift */,
				1968286D1E582A40001F3FB6 /* Group+CoreDataClass.swift */,
				1968286E1E582A40001F3FB6 /* Group+CoreDataProperties.swift */,
			);
			name = "Core Data";
			sourceTree = "<group>";
		};
		196828791E582D42001F3FB6 /* Supporting Files */ = {
			isa = PBXGroup;
			children = (
				1968287E1E5A3003001F3FB6 /* CoreDataTableViewController.swift */,
				1968288C1E7291DF001F3FB6 /* Fonts */,
				1968283B1E58207F001F3FB6 /* AppDelegate.swift */,
				196828451E58207F001F3FB6 /* Assets.xcassets */,
				196828751E582B18001F3FB6 /* compound.plist */,
				196828471E58207F001F3FB6 /* LaunchScreen.storyboard */,
				1968284A1E58207F001F3FB6 /* Info.plist */,
			);
			name = "Supporting Files";
			sourceTree = "<group>";
		};
/* End PBXGroup section */

/* Begin PBXNativeTarget section */
		196828371E58207F001F3FB6 /* ChemicalCalculator */ = {
			isa = PBXNativeTarget;
			buildConfigurationList = 1968284D1E58207F001F3FB6 /* Build configuration list for PBXNativeTarget "ChemicalCalculator" */;
			buildPhases = (
				196828341E58207F001F3FB6 /* Sources */,
				196828351E58207F001F3FB6 /* Frameworks */,
				196828361E58207F001F3FB6 /* Resources */,
			);
			buildRules = (
			);
			dependencies = (
			);
			name = ChemicalCalculator;
			productName = ChemicalCalculator;
			productReference = 196828381E58207F001F3FB6 /* ChemicalCalculator.app */;
			productType = "com.apple.product-type.application";
		};
/* End PBXNativeTarget section */

/* Begin PBXProject section */
		196828301E58207F001F3FB6 /* Project object */ = {
			isa = PBXProject;
			attributes = {
				LastSwiftUpdateCheck = 0820;
				LastUpgradeCheck = 0820;
				ORGANIZATIONNAME = "Vivian Liu";
				TargetAttributes = {
					196828371E58207F001F3FB6 = {
						CreatedOnToolsVersion = 8.2.1;
						DevelopmentTeam = VXS2P832YK;
						ProvisioningStyle = Automatic;
					};
				};
			};
			buildConfigurationList = 196828331E58207F001F3FB6 /* Build configuration list for PBXProject "ChemicalCalculator" */;
			compatibilityVersion = "Xcode 3.2";
			developmentRegion = English;
			hasScannedForEncodings = 0;
			knownRegions = (
				en,
				Base,
			);
			mainGroup = 1968282F1E58207F001F3FB6;
			productRefGroup = 196828391E58207F001F3FB6 /* Products */;
			projectDirPath = "";
			projectRoot = "";
			targets = (
				196828371E58207F001F3FB6 /* ChemicalCalculator */,
			);
		};
/* End PBXProject section */

/* Begin PBXResourcesBuildPhase section */
		196828361E58207F001F3FB6 /* Resources */ = {
			isa = PBXResourcesBuildPhase;
			buildActionMask = 2147483647;
			files = (
				1968288D1E7291DF001F3FB6 /* Fonts in Resources */,
				196828491E58207F001F3FB6 /* LaunchScreen.storyboard in Resources */,
				196828761E582B18001F3FB6 /* compound.plist in Resources */,
				196828461E58207F001F3FB6 /* Assets.xcassets in Resources */,
				196828411E58207F001F3FB6 /* Main.storyboard in Resources */,
			);
			runOnlyForDeploymentPostprocessing = 0;
		};
/* End PBXResourcesBuildPhase section */

/* Begin PBXSourcesBuildPhase section */
		196828341E58207F001F3FB6 /* Sources */ = {
			isa = PBXSourcesBuildPhase;
			buildActionMask = 2147483647;
			files = (
				1968288B1E6FE227001F3FB6 /* Compound+CoreDataProperties.swift in Sources */,
				196828911E7E4A76001F3FB6 /* SavedSolutionTableViewController.swift in Sources */,
				1968286F1E582A40001F3FB6 /* Solution+CoreDataClass.swift in Sources */,
				196828811E5BA53A001F3FB6 /* CompoundViewController.swift in Sources */,
				1968283C1E58207F001F3FB6 /* AppDelegate.swift in Sources */,
				196828731E582A40001F3FB6 /* Group+CoreDataClass.swift in Sources */,
				196828711E582A40001F3FB6 /* Compound+CoreDataClass.swift in Sources */,
				196828781E582CB7001F3FB6 /* HomeTableViewController.swift in Sources */,
				196828741E582A40001F3FB6 /* Group+CoreDataProperties.swift in Sources */,
				1968287F1E5A3003001F3FB6 /* CoreDataTableViewController.swift in Sources */,
				196828871E6D3496001F3FB6 /* CalculatorViewController.swift in Sources */,
				196828931E7E4AF3001F3FB6 /* SolutionTableViewCell.swift in Sources */,
				19EC6CE61E839ECA001E3471 /* Solution+CoreDataProperties.swift in Sources */,
				196828441E58207F001F3FB6 /* ChemicalCalculator.xcdatamodeld in Sources */,
			);
			runOnlyForDeploymentPostprocessing = 0;
		};
/* End PBXSourcesBuildPhase section */

/* Begin PBXVariantGroup section */
		1968283F1E58207F001F3FB6 /* Main.storyboard */ = {
			isa = PBXVariantGroup;
			children = (
				196828401E58207F001F3FB6 /* Base */,
			);
			name = Main.storyboard;
			sourceTree = "<group>";
		};
		196828471E58207F001F3FB6 /* LaunchScreen.storyboard */ = {
			isa = PBXVariantGroup;
			children = (
				196828481E58207F001F3FB6 /* Base */,
			);
			name = LaunchScreen.storyboard;
			sourceTree = "<group>";
		};
/* End PBXVariantGroup section */

/* Begin XCBuildConfiguration section */
		1968284B1E58207F001F3FB6 /* Debug */ = {
			isa = XCBuildConfiguration;
			buildSettings = {
				ALWAYS_SEARCH_USER_PATHS = NO;
				CLANG_ANALYZER_NONNULL = YES;
				CLANG_CXX_LANGUAGE_STANDARD = "gnu++0x";
				CLANG_CXX_LIBRARY = "libc++";
				CLANG_ENABLE_MODULES = YES;
				CLANG_ENABLE_OBJC_ARC = YES;
				CLANG_WARN_BOOL_CONVERSION = YES;
				CLANG_WARN_CONSTANT_CONVERSION = YES;
				CLANG_WARN_DIRECT_OBJC_ISA_USAGE = YES_ERROR;
				CLANG_WARN_DOCUMENTATION_COMMENTS = YES;
				CLANG_WARN_EMPTY_BODY = YES;
				CLANG_WARN_ENUM_CONVERSION = YES;
				CLANG_WARN_INFINITE_RECURSION = YES;
				CLANG_WARN_INT_CONVERSION = YES;
				CLANG_WARN_OBJC_ROOT_CLASS = YES_ERROR;
				CLANG_WARN_SUSPICIOUS_MOVE = YES;
				CLANG_WARN_UNREACHABLE_CODE = YES;
				CLANG_WARN__DUPLICATE_METHOD_MATCH = YES;
				"CODE_SIGN_IDENTITY[sdk=iphoneos*]" = "iPhone Developer";
				COPY_PHASE_STRIP = NO;
				DEBUG_INFORMATION_FORMAT = dwarf;
				ENABLE_STRICT_OBJC_MSGSEND = YES;
				ENABLE_TESTABILITY = YES;
				GCC_C_LANGUAGE_STANDARD = gnu99;
				GCC_DYNAMIC_NO_PIC = NO;
				GCC_NO_COMMON_BLOCKS = YES;
				GCC_OPTIMIZATION_LEVEL = 0;
				GCC_PREPROCESSOR_DEFINITIONS = (
					"DEBUG=1",
					"$(inherited)",
				);
				GCC_WARN_64_TO_32_BIT_CONVERSION = YES;
				GCC_WARN_ABOUT_RETURN_TYPE = YES_ERROR;
				GCC_WARN_UNDECLARED_SELECTOR = YES;
				GCC_WARN_UNINITIALIZED_AUTOS = YES_AGGRESSIVE;
				GCC_WARN_UNUSED_FUNCTION = YES;
				GCC_WARN_UNUSED_VARIABLE = YES;
				IPHONEOS_DEPLOYMENT_TARGET = 10.2;
				MTL_ENABLE_DEBUG_INFO = YES;
				ONLY_ACTIVE_ARCH = YES;
				SDKROOT = iphoneos;
				SWIFT_ACTIVE_COMPILATION_CONDITIONS = DEBUG;
				SWIFT_OPTIMIZATION_LEVEL = "-Onone";
			};
			name = Debug;
		};
		1968284C1E58207F001F3FB6 /* Release */ = {
			isa = XCBuildConfiguration;
			buildSettings = {
				ALWAYS_SEARCH_USER_PATHS = NO;
				CLANG_ANALYZER_NONNULL = YES;
				CLANG_CXX_LANGUAGE_STANDARD = "gnu++0x";
				CLANG_CXX_LIBRARY = "libc++";
				CLANG_ENABLE_MODULES = YES;
				CLANG_ENABLE_OBJC_ARC = YES;
				CLANG_WARN_BOOL_CONVERSION = YES;
				CLANG_WARN_CONSTANT_CONVERSION = YES;
				CLANG_WARN_DIRECT_OBJC_ISA_USAGE = YES_ERROR;
				CLANG_WARN_DOCUMENTATION_COMMENTS = YES;
				CLANG_WARN_EMPTY_BODY = YES;
				CLANG_WARN_ENUM_CONVERSION = YES;
				CLANG_WARN_INFINITE_RECURSION = YES;
				CLANG_WARN_INT_CONVERSION = YES;
				CLANG_WARN_OBJC_ROOT_CLASS = YES_ERROR;
				CLANG_WARN_SUSPICIOUS_MOVE = YES;
				CLANG_WARN_UNREACHABLE_CODE = YES;
				CLANG_WARN__DUPLICATE_METHOD_MATCH = YES;
				"CODE_SIGN_IDENTITY[sdk=iphoneos*]" = "iPhone Developer";
				COPY_PHASE_STRIP = NO;
				DEBUG_INFORMATION_FORMAT = "dwarf-with-dsym";
				ENABLE_NS_ASSERTIONS = NO;
				ENABLE_STRICT_OBJC_MSGSEND = YES;
				GCC_C_LANGUAGE_STANDARD = gnu99;
				GCC_NO_COMMON_BLOCKS = YES;
				GCC_WARN_64_TO_32_BIT_CONVERSION = YES;
				GCC_WARN_ABOUT_RETURN_TYPE = YES_ERROR;
				GCC_WARN_UNDECLARED_SELECTOR = YES;
				GCC_WARN_UNINITIALIZED_AUTOS = YES_AGGRESSIVE;
				GCC_WARN_UNUSED_FUNCTION = YES;
				GCC_WARN_UNUSED_VARIABLE = YES;
				IPHONEOS_DEPLOYMENT_TARGET = 10.2;
				MTL_ENABLE_DEBUG_INFO = NO;
				SDKROOT = iphoneos;
				SWIFT_OPTIMIZATION_LEVEL = "-Owholemodule";
				VALIDATE_PRODUCT = YES;
			};
			name = Release;
		};
		1968284E1E58207F001F3FB6 /* Debug */ = {
			isa = XCBuildConfiguration;
			buildSettings = {
				ASSETCATALOG_COMPILER_APPICON_NAME = AppIcon;
				DEVELOPMENT_TEAM = VXS2P832YK;
				INFOPLIST_FILE = ChemicalCalculator/Info.plist;
				IPHONEOS_DEPLOYMENT_TARGET = 10.1;
				LD_RUNPATH_SEARCH_PATHS = "$(inherited) @executable_path/Frameworks";
				PRODUCT_BUNDLE_IDENTIFIER = com.VivianLiu.ChemicalCalculator;
				PRODUCT_NAME = "$(TARGET_NAME)";
				SWIFT_VERSION = 3.0;
			};
			name = Debug;
		};
		1968284F1E58207F001F3FB6 /* Release */ = {
			isa = XCBuildConfiguration;
			buildSettings = {
				ASSETCATALOG_COMPILER_APPICON_NAME = AppIcon;
				DEVELOPMENT_TEAM = VXS2P832YK;
				INFOPLIST_FILE = ChemicalCalculator/Info.plist;
				IPHONEOS_DEPLOYMENT_TARGET = 10.1;
				LD_RUNPATH_SEARCH_PATHS = "$(inherited) @executable_path/Frameworks";
				PRODUCT_BUNDLE_IDENTIFIER = com.VivianLiu.ChemicalCalculator;
				PRODUCT_NAME = "$(TARGET_NAME)";
				SWIFT_VERSION = 3.0;
			};
			name = Release;
		};
/* End XCBuildConfiguration section */

/* Begin XCConfigurationList section */
		196828331E58207F001F3FB6 /* Build configuration list for PBXProject "ChemicalCalculator" */ = {
			isa = XCConfigurationList;
			buildConfigurations = (
				1968284B1E58207F001F3FB6 /* Debug */,
				1968284C1E58207F001F3FB6 /* Release */,
			);
			defaultConfigurationIsVisible = 0;
			defaultConfigurationName = Release;
		};
		1968284D1E58207F001F3FB6 /* Build configuration list for PBXNativeTarget "ChemicalCalculator" */ = {
			isa = XCConfigurationList;
			buildConfigurations = (
				1968284E1E58207F001F3FB6 /* Debug */,
				1968284F1E58207F001F3FB6 /* Release */,
			);
			defaultConfigurationIsVisible = 0;
			defaultConfigurationName = Release;
		};
/* End XCConfigurationList section */

/* Begin XCVersionGroup section */
		196828421E58207F001F3FB6 /* ChemicalCalculator.xcdatamodeld */ = {
			isa = XCVersionGroup;
			children = (
				196828431E58207F001F3FB6 /* ChemicalCalculator.xcdatamodel */,
			);
			currentVersion = 196828431E58207F001F3FB6 /* ChemicalCalculator.xcdatamodel */;
			path = ChemicalCalculator.xcdatamodeld;
			sourceTree = "<group>";
			versionGroupType = wrapper.xcdatamodel;
		};
/* End XCVersionGroup section */
	};
	rootObject = 196828301E58207F001F3FB6 /* Project object */;
}
